
Microsoft Visual Studio Solution File, Format Version 12.00
# Visual Studio 15
VisualStudioVersion = 15.0.27004.2009
MinimumVisualStudioVersion = 10.0.40219.1
Project("{FAE04EC0-301F-11D3-BF4B-00C04F79EFBC}") = "AppliedSystems.Web", "AppliedSystems.Web\AppliedSystems.Web.csproj", "{95FC1374-B80C-4F53-8A52-1D2FA45DB48C}"
EndProject
Project("{FAE04EC0-301F-11D3-BF4B-00C04F79EFBC}") = "AppliedSystems.Interfaces", "AppliedSystems.Interfaces\AppliedSystems.Interfaces.csproj", "{BE84E48F-FD16-482F-BE6F-F86553A5AA48}"
EndProject
Project("{FAE04EC0-301F-11D3-BF4B-00C04F79EFBC}") = "AppliedSystems.Domain", "AppliedSystems.Domain\AppliedSystems.Domain.csproj", "{362AF40A-07BE-420B-9F46-29CAB250B213}"
EndProject
Project("{FAE04EC0-301F-11D3-BF4B-00C04F79EFBC}") = "AppliedSystems.Services", "AppliedSystems.Services\AppliedSystems.Services.csproj", "{45EA7C6A-1644-491C-AD03-603AA832A91A}"
EndProject
Project("{FAE04EC0-301F-11D3-BF4B-00C04F79EFBC}") = "AppliedSystems.Repository", "AppliedSystems.Repository\AppliedSystems.Repository.csproj", "{9A740A05-215D-4A2E-BCBD-C99F4244ABB9}"
EndProject
Project("{FAE04EC0-301F-11D3-BF4B-00C04F79EFBC}") = "AppliedSystems.Common", "AppliedSystems.Common\AppliedSystems.Common.csproj", "{1C54C77E-099C-45CB-A95F-92F045F844EA}"
EndProject
Project("{2150E333-8FDC-42A3-9474-1A3956D46DE8}") = "Tests", "Tests", "{97014F9A-C7AF-4AB7-8892-6CF5F2827370}"
EndProject
Project("{FAE04EC0-301F-11D3-BF4B-00C04F79EFBC}") = "AppliedSystems.Web.Tests", "Tests\AppliedSystems.Web.Tests\AppliedSystems.Web.Tests.csproj", "{6A1A341F-ECC3-4BFF-A040-5CC31A0EDD40}"
EndProject
Project("{FAE04EC0-301F-11D3-BF4B-00C04F79EFBC}") = "AppliedSystems.Services.Tests", "Tests\AppliedSystems.Services.Tests\AppliedSystems.Services.Tests.csproj", "{C678E144-6EAC-49D8-9977-44644B0859E9}"
EndProject
Project("{FAE04EC0-301F-11D3-BF4B-00C04F79EFBC}") = "AppliedSystems.Tests.Common", "Tests\AppliedSystems.Tests.Common\AppliedSystems.Tests.Common.csproj", "{B229045B-E39E-4AFD-8823-8C6F6225F33B}"
EndProject
Project("{FAE04EC0-301F-11D3-BF4B-00C04F79EFBC}") = "AppliedSystems.Domain.Tests", "Tests\AppliedSystems.Domain.Tests\AppliedSystems.Domain.Tests.csproj", "{CC7538FB-E2D5-4D26-AE73-78525469D7ED}"
EndProject
Global
	GlobalSection(SolutionConfigurationPlatforms) = preSolution
		Debug|Any CPU = Debug|Any CPU
		Release|Any CPU = Release|Any CPU
	EndGlobalSection
	GlobalSection(ProjectConfigurationPlatforms) = postSolution
		{95FC1374-B80C-4F53-8A52-1D2FA45DB48C}.Debug|Any CPU.ActiveCfg = Debug|Any CPU
		{95FC1374-B80C-4F53-8A52-1D2FA45DB48C}.Debug|Any CPU.Build.0 = Debug|Any CPU
		{95FC1374-B80C-4F53-8A52-1D2FA45DB48C}.Release|Any CPU.ActiveCfg = Release|Any CPU
		{95FC1374-B80C-4F53-8A52-1D2FA45DB48C}.Release|Any CPU.Build.0 = Release|Any CPU
		{BE84E48F-FD16-482F-BE6F-F86553A5AA48}.Debug|Any CPU.ActiveCfg = Debug|Any CPU
		{BE84E48F-FD16-482F-BE6F-F86553A5AA48}.Debug|Any CPU.Build.0 = Debug|Any CPU
		{BE84E48F-FD16-482F-BE6F-F86553A5AA48}.Release|Any CPU.ActiveCfg = Release|Any CPU
		{BE84E48F-FD16-482F-BE6F-F86553A5AA48}.Release|Any CPU.Build.0 = Release|Any CPU
		{362AF40A-07BE-420B-9F46-29CAB250B213}.Debug|Any CPU.ActiveCfg = Debug|Any CPU
		{362AF40A-07BE-420B-9F46-29CAB250B213}.Debug|Any CPU.Build.0 = Debug|Any CPU
		{362AF40A-07BE-420B-9F46-29CAB250B213}.Release|Any CPU.ActiveCfg = Release|Any CPU
		{362AF40A-07BE-420B-9F46-29CAB250B213}.Release|Any CPU.Build.0 = Release|Any CPU
		{45EA7C6A-1644-491C-AD03-603AA832A91A}.Debug|Any CPU.ActiveCfg = Debug|Any CPU
		{45EA7C6A-1644-491C-AD03-603AA832A91A}.Debug|Any CPU.Build.0 = Debug|Any CPU
		{45EA7C6A-1644-491C-AD03-603AA832A91A}.Release|Any CPU.ActiveCfg = Release|Any CPU
		{45EA7C6A-1644-491C-AD03-603AA832A91A}.Release|Any CPU.Build.0 = Release|Any CPU
		{9A740A05-215D-4A2E-BCBD-C99F4244ABB9}.Debug|Any CPU.ActiveCfg = Debug|Any CPU
		{9A740A05-215D-4A2E-BCBD-C99F4244ABB9}.Debug|Any CPU.Build.0 = Debug|Any CPU
		{9A740A05-215D-4A2E-BCBD-C99F4244ABB9}.Release|Any CPU.ActiveCfg = Release|Any CPU
		{9A740A05-215D-4A2E-BCBD-C99F4244ABB9}.Release|Any CPU.Build.0 = Release|Any CPU
		{1C54C77E-099C-45CB-A95F-92F045F844EA}.Debug|Any CPU.ActiveCfg = Debug|Any CPU
		{1C54C77E-099C-45CB-A95F-92F045F844EA}.Debug|Any CPU.Build.0 = Debug|Any CPU
		{1C54C77E-099C-45CB-A95F-92F045F844EA}.Release|Any CPU.ActiveCfg = Release|Any CPU
		{1C54C77E-099C-45CB-A95F-92F045F844EA}.Release|Any CPU.Build.0 = Release|Any CPU
		{6A1A341F-ECC3-4BFF-A040-5CC31A0EDD40}.Debug|Any CPU.ActiveCfg = Debug|Any CPU
		{6A1A341F-ECC3-4BFF-A040-5CC31A0EDD40}.Debug|Any CPU.Build.0 = Debug|Any CPU
		{6A1A341F-ECC3-4BFF-A040-5CC31A0EDD40}.Release|Any CPU.ActiveCfg = Release|Any CPU
		{6A1A341F-ECC3-4BFF-A040-5CC31A0EDD40}.Release|Any CPU.Build.0 = Release|Any CPU
		{C678E144-6EAC-49D8-9977-44644B0859E9}.Debug|Any CPU.ActiveCfg = Debug|Any CPU
		{C678E144-6EAC-49D8-9977-44644B0859E9}.Debug|Any CPU.Build.0 = Debug|Any CPU
		{C678E144-6EAC-49D8-9977-44644B0859E9}.Release|Any CPU.ActiveCfg = Release|Any CPU
		{C678E144-6EAC-49D8-9977-44644B0859E9}.Release|Any CPU.Build.0 = Release|Any CPU
		{B229045B-E39E-4AFD-8823-8C6F6225F33B}.Debug|Any CPU.ActiveCfg = Debug|Any CPU
		{B229045B-E39E-4AFD-8823-8C6F6225F33B}.Debug|Any CPU.Build.0 = Debug|Any CPU
		{B229045B-E39E-4AFD-8823-8C6F6225F33B}.Release|Any CPU.ActiveCfg = Release|Any CPU
		{B229045B-E39E-4AFD-8823-8C6F6225F33B}.Release|Any CPU.Build.0 = Release|Any CPU
		{CC7538FB-E2D5-4D26-AE73-78525469D7ED}.Debug|Any CPU.ActiveCfg = Debug|Any CPU
		{CC7538FB-E2D5-4D26-AE73-78525469D7ED}.Debug|Any CPU.Build.0 = Debug|Any CPU
		{CC7538FB-E2D5-4D26-AE73-78525469D7ED}.Release|Any CPU.ActiveCfg = Release|Any CPU
		{CC7538FB-E2D5-4D26-AE73-78525469D7ED}.Release|Any CPU.Build.0 = Release|Any CPU
	EndGlobalSection
	GlobalSection(SolutionProperties) = preSolution
		HideSolutionNode = FALSE
	EndGlobalSection
	GlobalSection(NestedProjects) = preSolution
		{6A1A341F-ECC3-4BFF-A040-5CC31A0EDD40} = {97014F9A-C7AF-4AB7-8892-6CF5F2827370}
		{C678E144-6EAC-49D8-9977-44644B0859E9} = {97014F9A-C7AF-4AB7-8892-6CF5F2827370}
		{B229045B-E39E-4AFD-8823-8C6F6225F33B} = {97014F9A-C7AF-4AB7-8892-6CF5F2827370}
		{CC7538FB-E2D5-4D26-AE73-78525469D7ED} = {97014F9A-C7AF-4AB7-8892-6CF5F2827370}
	EndGlobalSection
	GlobalSection(ExtensibilityGlobals) = postSolution
		SolutionGuid = {479815F6-0FE3-4643-B9A5-62F41CAF1FF7}
	EndGlobalSection
EndGlobal
